
Microsoft Visual Studio Solution File, Format Version 12.00
# Visual Studio 15
VisualStudioVersion = 15.0.28307.705
MinimumVisualStudioVersion = 10.0.40219.1
Project("{FAE04EC0-301F-11D3-BF4B-00C04F79EFBC}") = "WindowsFormsApp1", "WindowsFormsApp1\WindowsFormsApp1.csproj", "{E8C051AE-455A-4A20-9C94-8C7ECC42F907}"
EndProject
Global
	GlobalSection(SolutionConfigurationPlatforms) = preSolution
		Debug|Any CPU = Debug|Any CPU
		Release|Any CPU = Release|Any CPU
	EndGlobalSection
	GlobalSection(ProjectConfigurationPlatforms) = postSolution
		{E8C051AE-455A-4A20-9C94-8C7ECC42F907}.Debug|Any CPU.ActiveCfg = Debug|Any CPU
		{E8C051AE-455A-4A20-9C94-8C7ECC42F907}.Debug|Any CPU.Build.0 = Debug|Any CPU
		{E8C051AE-455A-4A20-9C94-8C7ECC42F907}.Release|Any CPU.ActiveCfg = Release|Any CPU
		{E8C051AE-455A-4A20-9C94-8C7ECC42F907}.Release|Any CPU.Build.0 = Release|Any CPU
	EndGlobalSection
	GlobalSection(SolutionProperties) = preSolution
		HideSolutionNode = FALSE
	EndGlobalSection
	GlobalSection(ExtensibilityGlobals) = postSolution
		SolutionGuid = {9A2D7A20-EA7B-4F25-B3C1-E1243A199F05}
	EndGlobalSection
EndGlobal
